
Microsoft Visual Studio Solution File, Format Version 12.00
# Visual Studio 15
VisualStudioVersion = 15.0.27130.2027
MinimumVisualStudioVersion = 10.0.40219.1
Project("{FAE04EC0-301F-11D3-BF4B-00C04F79EFBC}") = "bitFlyer", "bitFlyer\bitFlyer.csproj", "{A762F98B-1124-423E-AFE0-10B977C46CA5}"
EndProject
Global
	GlobalSection(SolutionConfigurationPlatforms) = preSolution
		Debug|Any CPU = Debug|Any CPU
		Release|Any CPU = Release|Any CPU
	EndGlobalSection
	GlobalSection(ProjectConfigurationPlatforms) = postSolution
		{A762F98B-1124-423E-AFE0-10B977C46CA5}.Debug|Any CPU.ActiveCfg = Debug|Any CPU
		{A762F98B-1124-423E-AFE0-10B977C46CA5}.Debug|Any CPU.Build.0 = Debug|Any CPU
		{A762F98B-1124-423E-AFE0-10B977C46CA5}.Release|Any CPU.ActiveCfg = Release|Any CPU
		{A762F98B-1124-423E-AFE0-10B977C46CA5}.Release|Any CPU.Build.0 = Release|Any CPU
	EndGlobalSection
	GlobalSection(SolutionProperties) = preSolution
		HideSolutionNode = FALSE
	EndGlobalSection
	GlobalSection(ExtensibilityGlobals) = postSolution
		SolutionGuid = {6685EECF-3CF6-4373-9BF8-CDAACF5F2FAB}
	EndGlobalSection
EndGlobal
